
Microsoft Visual Studio Solution File, Format Version 12.00
# Visual Studio Version 17
VisualStudioVersion = 17.2.32630.192
MinimumVisualStudioVersion = 10.0.40219.1
Project("{FAE04EC0-301F-11D3-BF4B-00C04F79EFBC}") = "2D_Shape_Calculator", "2D_Shape_Calculator\2D_Shape_Calculator.csproj", "{79BC0DF6-C772-4D29-ACE5-2F35F15A6308}"
EndProject
Project("{FAE04EC0-301F-11D3-BF4B-00C04F79EFBC}") = "TestProject_2D_Shape_Calculator", "TestProject_2D_Shape_Calculator\TestProject_2D_Shape_Calculator.csproj", "{B188C25F-79F3-4AE3-925B-090774824DF6}"
EndProject
Global
	GlobalSection(SolutionConfigurationPlatforms) = preSolution
		Debug|Any CPU = Debug|Any CPU
		Release|Any CPU = Release|Any CPU
	EndGlobalSection
	GlobalSection(ProjectConfigurationPlatforms) = postSolution
		{79BC0DF6-C772-4D29-ACE5-2F35F15A6308}.Debug|Any CPU.ActiveCfg = Debug|Any CPU
		{79BC0DF6-C772-4D29-ACE5-2F35F15A6308}.Debug|Any CPU.Build.0 = Debug|Any CPU
		{79BC0DF6-C772-4D29-ACE5-2F35F15A6308}.Release|Any CPU.ActiveCfg = Release|Any CPU
		{79BC0DF6-C772-4D29-ACE5-2F35F15A6308}.Release|Any CPU.Build.0 = Release|Any CPU
		{B188C25F-79F3-4AE3-925B-090774824DF6}.Debug|Any CPU.ActiveCfg = Debug|Any CPU
		{B188C25F-79F3-4AE3-925B-090774824DF6}.Debug|Any CPU.Build.0 = Debug|Any CPU
		{B188C25F-79F3-4AE3-925B-090774824DF6}.Release|Any CPU.ActiveCfg = Release|Any CPU
		{B188C25F-79F3-4AE3-925B-090774824DF6}.Release|Any CPU.Build.0 = Release|Any CPU
	EndGlobalSection
	GlobalSection(SolutionProperties) = preSolution
		HideSolutionNode = FALSE
	EndGlobalSection
	GlobalSection(ExtensibilityGlobals) = postSolution
		SolutionGuid = {5A5C41E5-028F-4097-B8E0-3D060F624A15}
	EndGlobalSection
EndGlobal
